
Microsoft Visual Studio Solution File, Format Version 12.00
# Visual Studio Version 16
VisualStudioVersion = 16.0.31911.196
MinimumVisualStudioVersion = 10.0.40219.1
Project("{FAE04EC0-301F-11D3-BF4B-00C04F79EFBC}") = "XYMJPYPrice", "XYMJPYPrice\XYMJPYPrice.csproj", "{5322BEB4-5C77-4842-82A8-477E0EEFB3ED}"
EndProject
Global
	GlobalSection(SolutionConfigurationPlatforms) = preSolution
		Debug|Any CPU = Debug|Any CPU
		Release|Any CPU = Release|Any CPU
	EndGlobalSection
	GlobalSection(ProjectConfigurationPlatforms) = postSolution
		{5322BEB4-5C77-4842-82A8-477E0EEFB3ED}.Debug|Any CPU.ActiveCfg = Debug|Any CPU
		{5322BEB4-5C77-4842-82A8-477E0EEFB3ED}.Debug|Any CPU.Build.0 = Debug|Any CPU
		{5322BEB4-5C77-4842-82A8-477E0EEFB3ED}.Release|Any CPU.ActiveCfg = Release|Any CPU
		{5322BEB4-5C77-4842-82A8-477E0EEFB3ED}.Release|Any CPU.Build.0 = Release|Any CPU
	EndGlobalSection
	GlobalSection(SolutionProperties) = preSolution
		HideSolutionNode = FALSE
	EndGlobalSection
	GlobalSection(ExtensibilityGlobals) = postSolution
		SolutionGuid = {4D3D8E34-C0ED-4D15-B2FA-B9DCA56FAE45}
	EndGlobalSection
EndGlobal
